
Microsoft Visual Studio Solution File, Format Version 12.00
# Visual Studio Version 17
VisualStudioVersion = 17.4.33213.308
MinimumVisualStudioVersion = 10.0.40219.1
Project("{FAE04EC0-301F-11D3-BF4B-00C04F79EFBC}") = "Proiect", "Proiect\Proiect.csproj", "{04ABB0FE-3631-47A4-8432-EB54708D76AF}"
EndProject
Global
	GlobalSection(SolutionConfigurationPlatforms) = preSolution
		Debug|Any CPU = Debug|Any CPU
		Release|Any CPU = Release|Any CPU
	EndGlobalSection
	GlobalSection(ProjectConfigurationPlatforms) = postSolution
		{04ABB0FE-3631-47A4-8432-EB54708D76AF}.Debug|Any CPU.ActiveCfg = Debug|Any CPU
		{04ABB0FE-3631-47A4-8432-EB54708D76AF}.Debug|Any CPU.Build.0 = Debug|Any CPU
		{04ABB0FE-3631-47A4-8432-EB54708D76AF}.Release|Any CPU.ActiveCfg = Release|Any CPU
		{04ABB0FE-3631-47A4-8432-EB54708D76AF}.Release|Any CPU.Build.0 = Release|Any CPU
	EndGlobalSection
	GlobalSection(SolutionProperties) = preSolution
		HideSolutionNode = FALSE
	EndGlobalSection
	GlobalSection(ExtensibilityGlobals) = postSolution
		SolutionGuid = {D43B7903-FABA-42A6-AC50-060ABFE0F0FE}
	EndGlobalSection
EndGlobal
